
Microsoft Visual Studio Solution File, Format Version 12.00
# Visual Studio 2012
Project("{FAE04EC0-301F-11D3-BF4B-00C04F79EFBC}") = "AggregateSource", "AggregateSource\AggregateSource.csproj", "{CC3FCC99-9E18-45DE-9B39-76031D45624D}"
EndProject
Project("{FAE04EC0-301F-11D3-BF4B-00C04F79EFBC}") = "AggregateSource.Tests", "AggregateSource.Tests\AggregateSource.Tests.csproj", "{CDF2E95E-0BEB-4C91-A3E9-C91CBC499C2D}"
EndProject
Project("{2150E333-8FDC-42A3-9474-1A3956D46DE8}") = ".nuget", ".nuget", "{DC4CC0D1-C0B4-44D7-BDA8-3DC6A430077F}"
	ProjectSection(SolutionItems) = preProject
		.nuget\NuGet.Config = .nuget\NuGet.Config
		.nuget\NuGet.exe = .nuget\NuGet.exe
		.nuget\NuGet.targets = .nuget\NuGet.targets
	EndProjectSection
EndProject
Project("{2150E333-8FDC-42A3-9474-1A3956D46DE8}") = "Solution Items", "Solution Items", "{2A29A626-F25F-472A-858B-3492B3AA499C}"
	ProjectSection(SolutionItems) = preProject
		README.md = README.md
	EndProjectSection
EndProject
Project("{FAE04EC0-301F-11D3-BF4B-00C04F79EFBC}") = "AggregateSource.GEventStore", "AggregateSource.GEventStore\AggregateSource.GEventStore.csproj", "{DEA0D300-F1A2-4A43-A7EE-75D2DCD6BC7F}"
EndProject
Project("{FAE04EC0-301F-11D3-BF4B-00C04F79EFBC}") = "AggregateSource.JEventStore", "AggregateSource.JEventStore\AggregateSource.JEventStore.csproj", "{DF62A0E3-35AB-497C-918C-63FADAB43F6B}"
EndProject
Project("{FAE04EC0-301F-11D3-BF4B-00C04F79EFBC}") = "AggregateSource.Testing", "AggregateSource.Testing\AggregateSource.Testing.csproj", "{75427B80-A024-4B5E-A7CA-F2E4736D9F8C}"
EndProject
Project("{FAE04EC0-301F-11D3-BF4B-00C04F79EFBC}") = "StreamSource", "StreamSource\StreamSource.csproj", "{4DFB6AF4-1748-4048-AE60-995B9801821B}"
EndProject
Project("{FAE04EC0-301F-11D3-BF4B-00C04F79EFBC}") = "StreamSource.Tests", "StreamSource.Tests\StreamSource.Tests.csproj", "{BA7F8F57-8120-40EA-950B-930DFE042EB1}"
EndProject
Project("{2150E333-8FDC-42A3-9474-1A3956D46DE8}") = "Samples", "Samples", "{33FA2574-AB1F-41C9-AAE8-BFF219251058}"
EndProject
Project("{FAE04EC0-301F-11D3-BF4B-00C04F79EFBC}") = "SampleSource", "SampleSource\SampleSource.csproj", "{9B77C375-3883-40AD-B575-A18DB5E07C14}"
EndProject
Global
	GlobalSection(SolutionConfigurationPlatforms) = preSolution
		Debug|Any CPU = Debug|Any CPU
		Release|Any CPU = Release|Any CPU
	EndGlobalSection
	GlobalSection(ProjectConfigurationPlatforms) = postSolution
		{CC3FCC99-9E18-45DE-9B39-76031D45624D}.Debug|Any CPU.ActiveCfg = Debug|Any CPU
		{CC3FCC99-9E18-45DE-9B39-76031D45624D}.Debug|Any CPU.Build.0 = Debug|Any CPU
		{CC3FCC99-9E18-45DE-9B39-76031D45624D}.Release|Any CPU.ActiveCfg = Release|Any CPU
		{CC3FCC99-9E18-45DE-9B39-76031D45624D}.Release|Any CPU.Build.0 = Release|Any CPU
		{CDF2E95E-0BEB-4C91-A3E9-C91CBC499C2D}.Debug|Any CPU.ActiveCfg = Debug|Any CPU
		{CDF2E95E-0BEB-4C91-A3E9-C91CBC499C2D}.Debug|Any CPU.Build.0 = Debug|Any CPU
		{CDF2E95E-0BEB-4C91-A3E9-C91CBC499C2D}.Release|Any CPU.ActiveCfg = Release|Any CPU
		{CDF2E95E-0BEB-4C91-A3E9-C91CBC499C2D}.Release|Any CPU.Build.0 = Release|Any CPU
		{DEA0D300-F1A2-4A43-A7EE-75D2DCD6BC7F}.Debug|Any CPU.ActiveCfg = Debug|Any CPU
		{DEA0D300-F1A2-4A43-A7EE-75D2DCD6BC7F}.Debug|Any CPU.Build.0 = Debug|Any CPU
		{DEA0D300-F1A2-4A43-A7EE-75D2DCD6BC7F}.Release|Any CPU.ActiveCfg = Release|Any CPU
		{DEA0D300-F1A2-4A43-A7EE-75D2DCD6BC7F}.Release|Any CPU.Build.0 = Release|Any CPU
		{DF62A0E3-35AB-497C-918C-63FADAB43F6B}.Debug|Any CPU.ActiveCfg = Debug|Any CPU
		{DF62A0E3-35AB-497C-918C-63FADAB43F6B}.Debug|Any CPU.Build.0 = Debug|Any CPU
		{DF62A0E3-35AB-497C-918C-63FADAB43F6B}.Release|Any CPU.ActiveCfg = Release|Any CPU
		{DF62A0E3-35AB-497C-918C-63FADAB43F6B}.Release|Any CPU.Build.0 = Release|Any CPU
		{75427B80-A024-4B5E-A7CA-F2E4736D9F8C}.Debug|Any CPU.ActiveCfg = Debug|Any CPU
		{75427B80-A024-4B5E-A7CA-F2E4736D9F8C}.Debug|Any CPU.Build.0 = Debug|Any CPU
		{75427B80-A024-4B5E-A7CA-F2E4736D9F8C}.Release|Any CPU.ActiveCfg = Release|Any CPU
		{75427B80-A024-4B5E-A7CA-F2E4736D9F8C}.Release|Any CPU.Build.0 = Release|Any CPU
		{4DFB6AF4-1748-4048-AE60-995B9801821B}.Debug|Any CPU.ActiveCfg = Debug|Any CPU
		{4DFB6AF4-1748-4048-AE60-995B9801821B}.Debug|Any CPU.Build.0 = Debug|Any CPU
		{4DFB6AF4-1748-4048-AE60-995B9801821B}.Release|Any CPU.ActiveCfg = Release|Any CPU
		{4DFB6AF4-1748-4048-AE60-995B9801821B}.Release|Any CPU.Build.0 = Release|Any CPU
		{BA7F8F57-8120-40EA-950B-930DFE042EB1}.Debug|Any CPU.ActiveCfg = Debug|Any CPU
		{BA7F8F57-8120-40EA-950B-930DFE042EB1}.Debug|Any CPU.Build.0 = Debug|Any CPU
		{BA7F8F57-8120-40EA-950B-930DFE042EB1}.Release|Any CPU.ActiveCfg = Release|Any CPU
		{BA7F8F57-8120-40EA-950B-930DFE042EB1}.Release|Any CPU.Build.0 = Release|Any CPU
		{9B77C375-3883-40AD-B575-A18DB5E07C14}.Debug|Any CPU.ActiveCfg = Debug|Any CPU
		{9B77C375-3883-40AD-B575-A18DB5E07C14}.Debug|Any CPU.Build.0 = Debug|Any CPU
		{9B77C375-3883-40AD-B575-A18DB5E07C14}.Release|Any CPU.ActiveCfg = Release|Any CPU
		{9B77C375-3883-40AD-B575-A18DB5E07C14}.Release|Any CPU.Build.0 = Release|Any CPU
	EndGlobalSection
	GlobalSection(SolutionProperties) = preSolution
		HideSolutionNode = FALSE
	EndGlobalSection
	GlobalSection(NestedProjects) = preSolution
		{9B77C375-3883-40AD-B575-A18DB5E07C14} = {33FA2574-AB1F-41C9-AAE8-BFF219251058}
	EndGlobalSection
EndGlobal
