
Microsoft Visual Studio Solution File, Format Version 12.00
# Visual Studio 2012
Project("{FAE04EC0-301F-11D3-BF4B-00C04F79EFBC}") = "AggregateSource", "AggregateSource\AggregateSource.csproj", "{CC3FCC99-9E18-45DE-9B39-76031D45624D}"
EndProject
Project("{FAE04EC0-301F-11D3-BF4B-00C04F79EFBC}") = "AggregateSource.Tests", "AggregateSource.Tests\AggregateSource.Tests.csproj", "{CDF2E95E-0BEB-4C91-A3E9-C91CBC499C2D}"
EndProject
Global
	GlobalSection(SolutionConfigurationPlatforms) = preSolution
		Debug|Any CPU = Debug|Any CPU
		Release 4.0|Any CPU = Release 4.0|Any CPU
		Release 4.5|Any CPU = Release 4.5|Any CPU
		Release|Any CPU = Release|Any CPU
	EndGlobalSection
	GlobalSection(ProjectConfigurationPlatforms) = postSolution
		{CC3FCC99-9E18-45DE-9B39-76031D45624D}.Debug|Any CPU.ActiveCfg = Debug|Any CPU
		{CC3FCC99-9E18-45DE-9B39-76031D45624D}.Debug|Any CPU.Build.0 = Debug|Any CPU
		{CC3FCC99-9E18-45DE-9B39-76031D45624D}.Release 4.0|Any CPU.ActiveCfg = Release 4.0|Any CPU
		{CC3FCC99-9E18-45DE-9B39-76031D45624D}.Release 4.0|Any CPU.Build.0 = Release 4.0|Any CPU
		{CC3FCC99-9E18-45DE-9B39-76031D45624D}.Release 4.5|Any CPU.ActiveCfg = Release 4.5|Any CPU
		{CC3FCC99-9E18-45DE-9B39-76031D45624D}.Release 4.5|Any CPU.Build.0 = Release 4.5|Any CPU
		{CC3FCC99-9E18-45DE-9B39-76031D45624D}.Release|Any CPU.ActiveCfg = Release|Any CPU
		{CC3FCC99-9E18-45DE-9B39-76031D45624D}.Release|Any CPU.Build.0 = Release|Any CPU
		{CDF2E95E-0BEB-4C91-A3E9-C91CBC499C2D}.Debug|Any CPU.ActiveCfg = Debug|Any CPU
		{CDF2E95E-0BEB-4C91-A3E9-C91CBC499C2D}.Debug|Any CPU.Build.0 = Debug|Any CPU
		{CDF2E95E-0BEB-4C91-A3E9-C91CBC499C2D}.Release 4.0|Any CPU.ActiveCfg = Release 4.0|Any CPU
		{CDF2E95E-0BEB-4C91-A3E9-C91CBC499C2D}.Release 4.0|Any CPU.Build.0 = Release 4.0|Any CPU
		{CDF2E95E-0BEB-4C91-A3E9-C91CBC499C2D}.Release 4.5|Any CPU.ActiveCfg = Release 4.5|Any CPU
		{CDF2E95E-0BEB-4C91-A3E9-C91CBC499C2D}.Release 4.5|Any CPU.Build.0 = Release 4.5|Any CPU
		{CDF2E95E-0BEB-4C91-A3E9-C91CBC499C2D}.Release|Any CPU.ActiveCfg = Release|Any CPU
		{CDF2E95E-0BEB-4C91-A3E9-C91CBC499C2D}.Release|Any CPU.Build.0 = Release|Any CPU
	EndGlobalSection
	GlobalSection(SolutionProperties) = preSolution
		HideSolutionNode = FALSE
	EndGlobalSection
EndGlobal
