
Microsoft Visual Studio Solution File, Format Version 12.00
# Visual Studio 2012
Project("{FAE04EC0-301F-11D3-BF4B-00C04F79EFBC}") = "AggregateSource", "AggregateSource\AggregateSource.csproj", "{CC3FCC99-9E18-45DE-9B39-76031D45624D}"
EndProject
Project("{FAE04EC0-301F-11D3-BF4B-00C04F79EFBC}") = "AggregateSource.Tests", "AggregateSource.Tests\AggregateSource.Tests.csproj", "{CDF2E95E-0BEB-4C91-A3E9-C91CBC499C2D}"
EndProject
Project("{2150E333-8FDC-42A3-9474-1A3956D46DE8}") = "Solution Items", "Solution Items", "{2A29A626-F25F-472A-858B-3492B3AA499C}"
	ProjectSection(SolutionItems) = preProject
		README.md = README.md
	EndProjectSection
EndProject
Project("{FAE04EC0-301F-11D3-BF4B-00C04F79EFBC}") = "AggregateSource.Testing", "AggregateSource.Testing\AggregateSource.Testing.csproj", "{75427B80-A024-4B5E-A7CA-F2E4736D9F8C}"
EndProject
Project("{2150E333-8FDC-42A3-9474-1A3956D46DE8}") = "Samples", "Samples", "{33FA2574-AB1F-41C9-AAE8-BFF219251058}"
EndProject
Project("{FAE04EC0-301F-11D3-BF4B-00C04F79EFBC}") = "SampleSource", "SampleSource\SampleSource.csproj", "{9B77C375-3883-40AD-B575-A18DB5E07C14}"
EndProject
Project("{FAE04EC0-301F-11D3-BF4B-00C04F79EFBC}") = "AggregateSource.Reactive", "AggregateSource.Reactive\AggregateSource.Reactive.csproj", "{37CF3852-C21E-465C-97B9-CC21298E3A40}"
EndProject
Global
	GlobalSection(SolutionConfigurationPlatforms) = preSolution
		Debug|Any CPU = Debug|Any CPU
		Release|Any CPU = Release|Any CPU
	EndGlobalSection
	GlobalSection(ProjectConfigurationPlatforms) = postSolution
		{CC3FCC99-9E18-45DE-9B39-76031D45624D}.Debug|Any CPU.ActiveCfg = Debug|Any CPU
		{CC3FCC99-9E18-45DE-9B39-76031D45624D}.Debug|Any CPU.Build.0 = Debug|Any CPU
		{CC3FCC99-9E18-45DE-9B39-76031D45624D}.Release|Any CPU.ActiveCfg = Release|Any CPU
		{CC3FCC99-9E18-45DE-9B39-76031D45624D}.Release|Any CPU.Build.0 = Release|Any CPU
		{CDF2E95E-0BEB-4C91-A3E9-C91CBC499C2D}.Debug|Any CPU.ActiveCfg = Debug|Any CPU
		{CDF2E95E-0BEB-4C91-A3E9-C91CBC499C2D}.Debug|Any CPU.Build.0 = Debug|Any CPU
		{CDF2E95E-0BEB-4C91-A3E9-C91CBC499C2D}.Release|Any CPU.ActiveCfg = Release|Any CPU
		{CDF2E95E-0BEB-4C91-A3E9-C91CBC499C2D}.Release|Any CPU.Build.0 = Release|Any CPU
		{75427B80-A024-4B5E-A7CA-F2E4736D9F8C}.Debug|Any CPU.ActiveCfg = Debug|Any CPU
		{75427B80-A024-4B5E-A7CA-F2E4736D9F8C}.Debug|Any CPU.Build.0 = Debug|Any CPU
		{75427B80-A024-4B5E-A7CA-F2E4736D9F8C}.Release|Any CPU.ActiveCfg = Release|Any CPU
		{75427B80-A024-4B5E-A7CA-F2E4736D9F8C}.Release|Any CPU.Build.0 = Release|Any CPU
		{9B77C375-3883-40AD-B575-A18DB5E07C14}.Debug|Any CPU.ActiveCfg = Debug|Any CPU
		{9B77C375-3883-40AD-B575-A18DB5E07C14}.Debug|Any CPU.Build.0 = Debug|Any CPU
		{9B77C375-3883-40AD-B575-A18DB5E07C14}.Release|Any CPU.ActiveCfg = Release|Any CPU
		{9B77C375-3883-40AD-B575-A18DB5E07C14}.Release|Any CPU.Build.0 = Release|Any CPU
		{37CF3852-C21E-465C-97B9-CC21298E3A40}.Debug|Any CPU.ActiveCfg = Debug|Any CPU
		{37CF3852-C21E-465C-97B9-CC21298E3A40}.Debug|Any CPU.Build.0 = Debug|Any CPU
		{37CF3852-C21E-465C-97B9-CC21298E3A40}.Release|Any CPU.ActiveCfg = Release|Any CPU
		{37CF3852-C21E-465C-97B9-CC21298E3A40}.Release|Any CPU.Build.0 = Release|Any CPU
	EndGlobalSection
	GlobalSection(SolutionProperties) = preSolution
		HideSolutionNode = FALSE
	EndGlobalSection
	GlobalSection(NestedProjects) = preSolution
		{9B77C375-3883-40AD-B575-A18DB5E07C14} = {33FA2574-AB1F-41C9-AAE8-BFF219251058}
	EndGlobalSection
EndGlobal
